
Microsoft Visual Studio Solution File, Format Version 12.00
# Visual Studio Version 16
VisualStudioVersion = 16.0.29519.87
MinimumVisualStudioVersion = 10.0.40219.1
Project("{FAE04EC0-301F-11D3-BF4B-00C04F79EFBC}") = "AdventOfCode2019", "AdventOfCode2019\AdventOfCode2019.csproj", "{D7D602A0-22DF-4658-92E5-4D4EB39C9285}"
EndProject
Project("{FAE04EC0-301F-11D3-BF4B-00C04F79EFBC}") = "AdventOfCode2019Tests", "AdventOfCode2019Tests\AdventOfCode2019Tests.csproj", "{14C1D771-4EFE-4787-A99D-E2419009C286}"
EndProject
Global
	GlobalSection(SolutionConfigurationPlatforms) = preSolution
		Debug|Any CPU = Debug|Any CPU
		Release|Any CPU = Release|Any CPU
	EndGlobalSection
	GlobalSection(ProjectConfigurationPlatforms) = postSolution
		{D7D602A0-22DF-4658-92E5-4D4EB39C9285}.Debug|Any CPU.ActiveCfg = Debug|Any CPU
		{D7D602A0-22DF-4658-92E5-4D4EB39C9285}.Debug|Any CPU.Build.0 = Debug|Any CPU
		{D7D602A0-22DF-4658-92E5-4D4EB39C9285}.Release|Any CPU.ActiveCfg = Release|Any CPU
		{D7D602A0-22DF-4658-92E5-4D4EB39C9285}.Release|Any CPU.Build.0 = Release|Any CPU
		{14C1D771-4EFE-4787-A99D-E2419009C286}.Debug|Any CPU.ActiveCfg = Debug|Any CPU
		{14C1D771-4EFE-4787-A99D-E2419009C286}.Debug|Any CPU.Build.0 = Debug|Any CPU
		{14C1D771-4EFE-4787-A99D-E2419009C286}.Release|Any CPU.ActiveCfg = Release|Any CPU
		{14C1D771-4EFE-4787-A99D-E2419009C286}.Release|Any CPU.Build.0 = Release|Any CPU
	EndGlobalSection
	GlobalSection(SolutionProperties) = preSolution
		HideSolutionNode = FALSE
	EndGlobalSection
	GlobalSection(ExtensibilityGlobals) = postSolution
		SolutionGuid = {59272367-72B4-4BD1-A7CC-2C68A7E2F35E}
	EndGlobalSection
EndGlobal
